// !$*UTF8*$!
{
	archiveVersion = 1;
	classes = {
	};
	objectVersion = 46;
	objects = {

/* Begin PBXBuildFile section */
		051F6C0C1CAE41BF0053A3C9 /* 57.png in Resources */ = {isa = PBXBuildFile; fileRef = 051F6C0B1CAE41BF0053A3C9 /* 57.png */; };
		05877E171CC6198A002278FB /* MXImageExample.m in Sources */ = {isa = PBXBuildFile; fileRef = 05877E101CC6198A002278FB /* MXImageExample.m */; };
		05877E181CC6198A002278FB /* MXModelExample.m in Sources */ = {isa = PBXBuildFile; fileRef = 05877E121CC6198A002278FB /* MXModelExample.m */; };
		05877E191CC6198A002278FB /* MXRootExampleVC.m in Sources */ = {isa = PBXBuildFile; fileRef = 05877E141CC6198A002278FB /* MXRootExampleVC.m */; };
		05877E1A1CC6198A002278FB /* MXTextExample.m in Sources */ = {isa = PBXBuildFile; fileRef = 05877E161CC6198A002278FB /* MXTextExample.m */; };
		05DA0B861CC4A356007118E0 /* MXADViewController.m in Sources */ = {isa = PBXBuildFile; fileRef = 05DA0B851CC4A356007118E0 /* MXADViewController.m */; };
		05EC1ECB1CAE0C1C00EAAF3A /* main.m in Sources */ = {isa = PBXBuildFile; fileRef = 05EC1ECA1CAE0C1C00EAAF3A /* main.m */; };
		05EC1ECE1CAE0C1C00EAAF3A /* AppDelegate.m in Sources */ = {isa = PBXBuildFile; fileRef = 05EC1ECD1CAE0C1C00EAAF3A /* AppDelegate.m */; };
		05EC1ED41CAE0C1C00EAAF3A /* Main.storyboard in Resources */ = {isa = PBXBuildFile; fileRef = 05EC1ED21CAE0C1C00EAAF3A /* Main.storyboard */; };
		05EC1ED61CAE0C1C00EAAF3A /* Assets.xcassets in Resources */ = {isa = PBXBuildFile; fileRef = 05EC1ED51CAE0C1C00EAAF3A /* Assets.xcassets */; };
		05EC1ED91CAE0C1C00EAAF3A /* LaunchScreen.storyboard in Resources */ = {isa = PBXBuildFile; fileRef = 05EC1ED71CAE0C1C00EAAF3A /* LaunchScreen.storyboard */; };
		05EC1EE41CAE0C1C00EAAF3A /* SimpleBlockTests.m in Sources */ = {isa = PBXBuildFile; fileRef = 05EC1EE31CAE0C1C00EAAF3A /* SimpleBlockTests.m */; };
		05EC1EEF1CAE0C1C00EAAF3A /* SimpleBlockUITests.m in Sources */ = {isa = PBXBuildFile; fileRef = 05EC1EEE1CAE0C1C00EAAF3A /* SimpleBlockUITests.m */; };
		05EC1EFE1CAE0C3C00EAAF3A /* MXMainViewController.m in Sources */ = {isa = PBXBuildFile; fileRef = 05EC1EFD1CAE0C3C00EAAF3A /* MXMainViewController.m */; };
		05EC1F011CAE0C4400EAAF3A /* MXSecViewController.m in Sources */ = {isa = PBXBuildFile; fileRef = 05EC1F001CAE0C4400EAAF3A /* MXSecViewController.m */; };
		9E25415C89D4A1D7927B38ED /* libPods.a in Frameworks */ = {isa = PBXBuildFile; fileRef = 73009E56882B36E8A448972A /* libPods.a */; };
/* End PBXBuildFile section */

/* Begin PBXContainerItemProxy section */
		05EC1EE01CAE0C1C00EAAF3A /* PBXContainerItemProxy */ = {
			isa = PBXContainerItemProxy;
			containerPortal = 05EC1EBE1CAE0C1C00EAAF3A /* Project object */;
			proxyType = 1;
			remoteGlobalIDString = 05EC1EC51CAE0C1C00EAAF3A;
			remoteInfo = SimpleBlock;
		};
		05EC1EEB1CAE0C1C00EAAF3A /* PBXContainerItemProxy */ = {
			isa = PBXContainerItemProxy;
			containerPortal = 05EC1EBE1CAE0C1C00EAAF3A /* Project object */;
			proxyType = 1;
			remoteGlobalIDString = 05EC1EC51CAE0C1C00EAAF3A;
			remoteInfo = SimpleBlock;
		};
/* End PBXContainerItemProxy section */

/* Begin PBXFileReference section */
		051F6C0B1CAE41BF0053A3C9 /* 57.png */ = {isa = PBXFileReference; lastKnownFileType = image.png; path = 57.png; sourceTree = "<group>"; };
		05877E0F1CC6198A002278FB /* MXImageExample.h */ = {isa = PBXFileReference; fileEncoding = 4; lastKnownFileType = sourcecode.c.h; path = MXImageExample.h; sourceTree = "<group>"; };
		05877E101CC6198A002278FB /* MXImageExample.m */ = {isa = PBXFileReference; fileEncoding = 4; lastKnownFileType = sourcecode.c.objc; path = MXImageExample.m; sourceTree = "<group>"; };
		05877E111CC6198A002278FB /* MXModelExample.h */ = {isa = PBXFileReference; fileEncoding = 4; lastKnownFileType = sourcecode.c.h; path = MXModelExample.h; sourceTree = "<group>"; };
		05877E121CC6198A002278FB /* MXModelExample.m */ = {isa = PBXFileReference; fileEncoding = 4; lastKnownFileType = sourcecode.c.objc; path = MXModelExample.m; sourceTree = "<group>"; };
		05877E131CC6198A002278FB /* MXRootExampleVC.h */ = {isa = PBXFileReference; fileEncoding = 4; lastKnownFileType = sourcecode.c.h; path = MXRootExampleVC.h; sourceTree = "<group>"; };
		05877E141CC6198A002278FB /* MXRootExampleVC.m */ = {isa = PBXFileReference; fileEncoding = 4; lastKnownFileType = sourcecode.c.objc; path = MXRootExampleVC.m; sourceTree = "<group>"; };
		05877E151CC6198A002278FB /* MXTextExample.h */ = {isa = PBXFileReference; fileEncoding = 4; lastKnownFileType = sourcecode.c.h; path = MXTextExample.h; sourceTree = "<group>"; };
		05877E161CC6198A002278FB /* MXTextExample.m */ = {isa = PBXFileReference; fileEncoding = 4; lastKnownFileType = sourcecode.c.objc; path = MXTextExample.m; sourceTree = "<group>"; };
		05AAD3701CBE5D91003C2E55 /* MXKit.h */ = {isa = PBXFileReference; fileEncoding = 4; lastKnownFileType = sourcecode.c.h; path = MXKit.h; sourceTree = "<group>"; };
		05DA0B841CC4A356007118E0 /* MXADViewController.h */ = {isa = PBXFileReference; fileEncoding = 4; lastKnownFileType = sourcecode.c.h; path = MXADViewController.h; sourceTree = "<group>"; };
		05DA0B851CC4A356007118E0 /* MXADViewController.m */ = {isa = PBXFileReference; fileEncoding = 4; lastKnownFileType = sourcecode.c.objc; path = MXADViewController.m; sourceTree = "<group>"; };
		05EC1EC61CAE0C1C00EAAF3A /* SimpleBlock.app */ = {isa = PBXFileReference; explicitFileType = wrapper.application; includeInIndex = 0; path = SimpleBlock.app; sourceTree = BUILT_PRODUCTS_DIR; };
		05EC1ECA1CAE0C1C00EAAF3A /* main.m */ = {isa = PBXFileReference; lastKnownFileType = sourcecode.c.objc; path = main.m; sourceTree = "<group>"; };
		05EC1ECC1CAE0C1C00EAAF3A /* AppDelegate.h */ = {isa = PBXFileReference; lastKnownFileType = sourcecode.c.h; path = AppDelegate.h; sourceTree = "<group>"; };
		05EC1ECD1CAE0C1C00EAAF3A /* AppDelegate.m */ = {isa = PBXFileReference; lastKnownFileType = sourcecode.c.objc; path = AppDelegate.m; sourceTree = "<group>"; };
		05EC1ED31CAE0C1C00EAAF3A /* Base */ = {isa = PBXFileReference; lastKnownFileType = file.storyboard; name = Base; path = Base.lproj/Main.storyboard; sourceTree = "<group>"; };
		05EC1ED51CAE0C1C00EAAF3A /* Assets.xcassets */ = {isa = PBXFileReference; lastKnownFileType = folder.assetcatalog; path = Assets.xcassets; sourceTree = "<group>"; };
		05EC1ED81CAE0C1C00EAAF3A /* Base */ = {isa = PBXFileReference; lastKnownFileType = file.storyboard; name = Base; path = Base.lproj/LaunchScreen.storyboard; sourceTree = "<group>"; };
		05EC1EDA1CAE0C1C00EAAF3A /* Info.plist */ = {isa = PBXFileReference; lastKnownFileType = text.plist.xml; path = Info.plist; sourceTree = "<group>"; };
		05EC1EDF1CAE0C1C00EAAF3A /* SimpleBlockTests.xctest */ = {isa = PBXFileReference; explicitFileType = wrapper.cfbundle; includeInIndex = 0; path = SimpleBlockTests.xctest; sourceTree = BUILT_PRODUCTS_DIR; };
		05EC1EE31CAE0C1C00EAAF3A /* SimpleBlockTests.m */ = {isa = PBXFileReference; lastKnownFileType = sourcecode.c.objc; path = SimpleBlockTests.m; sourceTree = "<group>"; };
		05EC1EE51CAE0C1C00EAAF3A /* Info.plist */ = {isa = PBXFileReference; lastKnownFileType = text.plist.xml; path = Info.plist; sourceTree = "<group>"; };
		05EC1EEA1CAE0C1C00EAAF3A /* SimpleBlockUITests.xctest */ = {isa = PBXFileReference; explicitFileType = wrapper.cfbundle; includeInIndex = 0; path = SimpleBlockUITests.xctest; sourceTree = BUILT_PRODUCTS_DIR; };
		05EC1EEE1CAE0C1C00EAAF3A /* SimpleBlockUITests.m */ = {isa = PBXFileReference; lastKnownFileType = sourcecode.c.objc; path = SimpleBlockUITests.m; sourceTree = "<group>"; };
		05EC1EF01CAE0C1C00EAAF3A /* Info.plist */ = {isa = PBXFileReference; lastKnownFileType = text.plist.xml; path = Info.plist; sourceTree = "<group>"; };
		05EC1EFC1CAE0C3C00EAAF3A /* MXMainViewController.h */ = {isa = PBXFileReference; fileEncoding = 4; lastKnownFileType = sourcecode.c.h; path = MXMainViewController.h; sourceTree = "<group>"; };
		05EC1EFD1CAE0C3C00EAAF3A /* MXMainViewController.m */ = {isa = PBXFileReference; fileEncoding = 4; lastKnownFileType = sourcecode.c.objc; path = MXMainViewController.m; sourceTree = "<group>"; };
		05EC1EFF1CAE0C4400EAAF3A /* MXSecViewController.h */ = {isa = PBXFileReference; fileEncoding = 4; lastKnownFileType = sourcecode.c.h; path = MXSecViewController.h; sourceTree = "<group>"; };
		05EC1F001CAE0C4400EAAF3A /* MXSecViewController.m */ = {isa = PBXFileReference; fileEncoding = 4; lastKnownFileType = sourcecode.c.objc; path = MXSecViewController.m; sourceTree = "<group>"; };
		35B81E93511A6DEA53AFDE2C /* Pods.debug.xcconfig */ = {isa = PBXFileReference; includeInIndex = 1; lastKnownFileType = text.xcconfig; name = Pods.debug.xcconfig; path = "Pods/Target Support Files/Pods/Pods.debug.xcconfig"; sourceTree = "<group>"; };
		73009E56882B36E8A448972A /* libPods.a */ = {isa = PBXFileReference; explicitFileType = archive.ar; includeInIndex = 0; path = libPods.a; sourceTree = BUILT_PRODUCTS_DIR; };
		EA4AA8F4A275F30E84278935 /* Pods.release.xcconfig */ = {isa = PBXFileReference; includeInIndex = 1; lastKnownFileType = text.xcconfig; name = Pods.release.xcconfig; path = "Pods/Target Support Files/Pods/Pods.release.xcconfig"; sourceTree = "<group>"; };
/* End PBXFileReference section */

/* Begin PBXFrameworksBuildPhase section */
		05EC1EC31CAE0C1C00EAAF3A /* Frameworks */ = {
			isa = PBXFrameworksBuildPhase;
			buildActionMask = 2147483647;
			files = (
				9E25415C89D4A1D7927B38ED /* libPods.a in Frameworks */,
			);
			runOnlyForDeploymentPostprocessing = 0;
		};
		05EC1EDC1CAE0C1C00EAAF3A /* Frameworks */ = {
			isa = PBXFrameworksBuildPhase;
			buildActionMask = 2147483647;
			files = (
			);
			runOnlyForDeploymentPostprocessing = 0;
		};
		05EC1EE71CAE0C1C00EAAF3A /* Frameworks */ = {
			isa = PBXFrameworksBuildPhase;
			buildActionMask = 2147483647;
			files = (
			);
			runOnlyForDeploymentPostprocessing = 0;
		};
/* End PBXFrameworksBuildPhase section */

/* Begin PBXGroup section */
		05877E0E1CC6198A002278FB /* FactoryDesign */ = {
			isa = PBXGroup;
			children = (
				05877E0F1CC6198A002278FB /* MXImageExample.h */,
				05877E101CC6198A002278FB /* MXImageExample.m */,
				05877E111CC6198A002278FB /* MXModelExample.h */,
				05877E121CC6198A002278FB /* MXModelExample.m */,
				05877E131CC6198A002278FB /* MXRootExampleVC.h */,
				05877E141CC6198A002278FB /* MXRootExampleVC.m */,
				05877E151CC6198A002278FB /* MXTextExample.h */,
				05877E161CC6198A002278FB /* MXTextExample.m */,
			);
			path = FactoryDesign;
			sourceTree = "<group>";
		};
		05DA0B831CC4A34A007118E0 /* ADController */ = {
			isa = PBXGroup;
			children = (
				05DA0B841CC4A356007118E0 /* MXADViewController.h */,
				05DA0B851CC4A356007118E0 /* MXADViewController.m */,
			);
			path = ADController;
			sourceTree = "<group>";
		};
		05EC1EBD1CAE0C1C00EAAF3A = {
			isa = PBXGroup;
			children = (
				05EC1EC81CAE0C1C00EAAF3A /* SimpleBlock */,
				05EC1EE21CAE0C1C00EAAF3A /* SimpleBlockTests */,
				05EC1EED1CAE0C1C00EAAF3A /* SimpleBlockUITests */,
				05EC1EC71CAE0C1C00EAAF3A /* Products */,
				B7587A034574D8645094D846 /* Pods */,
				4E4DE1FEE15E808C5F1A92DB /* Frameworks */,
			);
			sourceTree = "<group>";
		};
		05EC1EC71CAE0C1C00EAAF3A /* Products */ = {
			isa = PBXGroup;
			children = (
				05EC1EC61CAE0C1C00EAAF3A /* SimpleBlock.app */,
				05EC1EDF1CAE0C1C00EAAF3A /* SimpleBlockTests.xctest */,
				05EC1EEA1CAE0C1C00EAAF3A /* SimpleBlockUITests.xctest */,
			);
			name = Products;
			sourceTree = "<group>";
		};
		05EC1EC81CAE0C1C00EAAF3A /* SimpleBlock */ = {
			isa = PBXGroup;
			children = (
				05877E0E1CC6198A002278FB /* FactoryDesign */,
				05DA0B831CC4A34A007118E0 /* ADController */,
				05AAD3701CBE5D91003C2E55 /* MXKit.h */,
				051F6C0B1CAE41BF0053A3C9 /* 57.png */,
				05EC1ECC1CAE0C1C00EAAF3A /* AppDelegate.h */,
				05EC1ECD1CAE0C1C00EAAF3A /* AppDelegate.m */,
				05EC1EFC1CAE0C3C00EAAF3A /* MXMainViewController.h */,
				05EC1EFD1CAE0C3C00EAAF3A /* MXMainViewController.m */,
				05EC1EFF1CAE0C4400EAAF3A /* MXSecViewController.h */,
				05EC1F001CAE0C4400EAAF3A /* MXSecViewController.m */,
				05EC1ED21CAE0C1C00EAAF3A /* Main.storyboard */,
				05EC1ED51CAE0C1C00EAAF3A /* Assets.xcassets */,
				05EC1ED71CAE0C1C00EAAF3A /* LaunchScreen.storyboard */,
				05EC1EDA1CAE0C1C00EAAF3A /* Info.plist */,
				05EC1EC91CAE0C1C00EAAF3A /* Supporting Files */,
			);
			path = SimpleBlock;
			sourceTree = "<group>";
		};
		05EC1EC91CAE0C1C00EAAF3A /* Supporting Files */ = {
			isa = PBXGroup;
			children = (
				05EC1ECA1CAE0C1C00EAAF3A /* main.m */,
			);
			name = "Supporting Files";
			sourceTree = "<group>";
		};
		05EC1EE21CAE0C1C00EAAF3A /* SimpleBlockTests */ = {
			isa = PBXGroup;
			children = (
				05EC1EE31CAE0C1C00EAAF3A /* SimpleBlockTests.m */,
				05EC1EE51CAE0C1C00EAAF3A /* Info.plist */,
			);
			path = SimpleBlockTests;
			sourceTree = "<group>";
		};
		05EC1EED1CAE0C1C00EAAF3A /* SimpleBlockUITests */ = {
			isa = PBXGroup;
			children = (
				05EC1EEE1CAE0C1C00EAAF3A /* SimpleBlockUITests.m */,
				05EC1EF01CAE0C1C00EAAF3A /* Info.plist */,
			);
			path = SimpleBlockUITests;
			sourceTree = "<group>";
		};
		4E4DE1FEE15E808C5F1A92DB /* Frameworks */ = {
			isa = PBXGroup;
			children = (
				73009E56882B36E8A448972A /* libPods.a */,
			);
			name = Frameworks;
			sourceTree = "<group>";
		};
		B7587A034574D8645094D846 /* Pods */ = {
			isa = PBXGroup;
			children = (
				35B81E93511A6DEA53AFDE2C /* Pods.debug.xcconfig */,
				EA4AA8F4A275F30E84278935 /* Pods.release.xcconfig */,
			);
			name = Pods;
			sourceTree = "<group>";
		};
/* End PBXGroup section */

/* Begin PBXNativeTarget section */
		05EC1EC51CAE0C1C00EAAF3A /* SimpleBlock */ = {
			isa = PBXNativeTarget;
			buildConfigurationList = 05EC1EF31CAE0C1C00EAAF3A /* Build configuration list for PBXNativeTarget "SimpleBlock" */;
			buildPhases = (
				AEFAC8B05EF4DEB432E77ED2 /* Check Pods Manifest.lock */,
				05EC1EC21CAE0C1C00EAAF3A /* Sources */,
				05EC1EC31CAE0C1C00EAAF3A /* Frameworks */,
				05EC1EC41CAE0C1C00EAAF3A /* Resources */,
				8272A697FC04E02414B4AAFE /* Embed Pods Frameworks */,
				A4B3D8F8E4421CA74B5AA4E2 /* Copy Pods Resources */,
			);
			buildRules = (
			);
			dependencies = (
			);
			name = SimpleBlock;
			productName = SimpleBlock;
			productReference = 05EC1EC61CAE0C1C00EAAF3A /* SimpleBlock.app */;
			productType = "com.apple.product-type.application";
		};
		05EC1EDE1CAE0C1C00EAAF3A /* SimpleBlockTests */ = {
			isa = PBXNativeTarget;
			buildConfigurationList = 05EC1EF61CAE0C1C00EAAF3A /* Build configuration list for PBXNativeTarget "SimpleBlockTests" */;
			buildPhases = (
				05EC1EDB1CAE0C1C00EAAF3A /* Sources */,
				05EC1EDC1CAE0C1C00EAAF3A /* Frameworks */,
				05EC1EDD1CAE0C1C00EAAF3A /* Resources */,
			);
			buildRules = (
			);
			dependencies = (
				05EC1EE11CAE0C1C00EAAF3A /* PBXTargetDependency */,
			);
			name = SimpleBlockTests;
			productName = SimpleBlockTests;
			productReference = 05EC1EDF1CAE0C1C00EAAF3A /* SimpleBlockTests.xctest */;
			productType = "com.apple.product-type.bundle.unit-test";
		};
		05EC1EE91CAE0C1C00EAAF3A /* SimpleBlockUITests */ = {
			isa = PBXNativeTarget;
			buildConfigurationList = 05EC1EF91CAE0C1C00EAAF3A /* Build configuration list for PBXNativeTarget "SimpleBlockUITests" */;
			buildPhases = (
				05EC1EE61CAE0C1C00EAAF3A /* Sources */,
				05EC1EE71CAE0C1C00EAAF3A /* Frameworks */,
				05EC1EE81CAE0C1C00EAAF3A /* Resources */,
			);
			buildRules = (
			);
			dependencies = (
				05EC1EEC1CAE0C1C00EAAF3A /* PBXTargetDependency */,
			);
			name = SimpleBlockUITests;
			productName = SimpleBlockUITests;
			productReference = 05EC1EEA1CAE0C1C00EAAF3A /* SimpleBlockUITests.xctest */;
			productType = "com.apple.product-type.bundle.ui-testing";
		};
/* End PBXNativeTarget section */

/* Begin PBXProject section */
		05EC1EBE1CAE0C1C00EAAF3A /* Project object */ = {
			isa = PBXProject;
			attributes = {
				CLASSPREFIX = MX;
				LastUpgradeCheck = 0720;
				ORGANIZATIONNAME = YISHANG;
				TargetAttributes = {
					05EC1EC51CAE0C1C00EAAF3A = {
						CreatedOnToolsVersion = 7.2.1;
					};
					05EC1EDE1CAE0C1C00EAAF3A = {
						CreatedOnToolsVersion = 7.2.1;
						TestTargetID = 05EC1EC51CAE0C1C00EAAF3A;
					};
					05EC1EE91CAE0C1C00EAAF3A = {
						CreatedOnToolsVersion = 7.2.1;
						TestTargetID = 05EC1EC51CAE0C1C00EAAF3A;
					};
				};
			};
			buildConfigurationList = 05EC1EC11CAE0C1C00EAAF3A /* Build configuration list for PBXProject "SimpleBlock" */;
			compatibilityVersion = "Xcode 3.2";
			developmentRegion = English;
			hasScannedForEncodings = 0;
			knownRegions = (
				en,
				Base,
			);
			mainGroup = 05EC1EBD1CAE0C1C00EAAF3A;
			productRefGroup = 05EC1EC71CAE0C1C00EAAF3A /* Products */;
			projectDirPath = "";
			projectRoot = "";
			targets = (
				05EC1EC51CAE0C1C00EAAF3A /* SimpleBlock */,
				05EC1EDE1CAE0C1C00EAAF3A /* SimpleBlockTests */,
				05EC1EE91CAE0C1C00EAAF3A /* SimpleBlockUITests */,
			);
		};
/* End PBXProject section */

/* Begin PBXResourcesBuildPhase section */
		05EC1EC41CAE0C1C00EAAF3A /* Resources */ = {
			isa = PBXResourcesBuildPhase;
			buildActionMask = 2147483647;
			files = (
				05EC1ED91CAE0C1C00EAAF3A /* LaunchScreen.storyboard in Resources */,
				051F6C0C1CAE41BF0053A3C9 /* 57.png in Resources */,
				05EC1ED61CAE0C1C00EAAF3A /* Assets.xcassets in Resources */,
				05EC1ED41CAE0C1C00EAAF3A /* Main.storyboard in Resources */,
			);
			runOnlyForDeploymentPostprocessing = 0;
		};
		05EC1EDD1CAE0C1C00EAAF3A /* Resources */ = {
			isa = PBXResourcesBuildPhase;
			buildActionMask = 2147483647;
			files = (
			);
			runOnlyForDeploymentPostprocessing = 0;
		};
		05EC1EE81CAE0C1C00EAAF3A /* Resources */ = {
			isa = PBXResourcesBuildPhase;
			buildActionMask = 2147483647;
			files = (
			);
			runOnlyForDeploymentPostprocessing = 0;
		};
/* End PBXResourcesBuildPhase section */

/* Begin PBXShellScriptBuildPhase section */
		8272A697FC04E02414B4AAFE /* Embed Pods Frameworks */ = {
			isa = PBXShellScriptBuildPhase;
			buildActionMask = 2147483647;
			files = (
			);
			inputPaths = (
			);
			name = "Embed Pods Frameworks";
			outputPaths = (
			);
			runOnlyForDeploymentPostprocessing = 0;
			shellPath = /bin/sh;
			shellScript = "\"${SRCROOT}/Pods/Target Support Files/Pods/Pods-frameworks.sh\"\n";
			showEnvVarsInLog = 0;
		};
		A4B3D8F8E4421CA74B5AA4E2 /* Copy Pods Resources */ = {
			isa = PBXShellScriptBuildPhase;
			buildActionMask = 2147483647;
			files = (
			);
			inputPaths = (
			);
			name = "Copy Pods Resources";
			outputPaths = (
			);
			runOnlyForDeploymentPostprocessing = 0;
			shellPath = /bin/sh;
			shellScript = "\"${SRCROOT}/Pods/Target Support Files/Pods/Pods-resources.sh\"\n";
			showEnvVarsInLog = 0;
		};
		AEFAC8B05EF4DEB432E77ED2 /* Check Pods Manifest.lock */ = {
			isa = PBXShellScriptBuildPhase;
			buildActionMask = 2147483647;
			files = (
			);
			inputPaths = (
			);
			name = "Check Pods Manifest.lock";
			outputPaths = (
			);
			runOnlyForDeploymentPostprocessing = 0;
			shellPath = /bin/sh;
			shellScript = "diff \"${PODS_ROOT}/../Podfile.lock\" \"${PODS_ROOT}/Manifest.lock\" > /dev/null\nif [[ $? != 0 ]] ; then\n    cat << EOM\nerror: The sandbox is not in sync with the Podfile.lock. Run 'pod install' or update your CocoaPods installation.\nEOM\n    exit 1\nfi\n";
			showEnvVarsInLog = 0;
		};
/* End PBXShellScriptBuildPhase section */

/* Begin PBXSourcesBuildPhase section */
		05EC1EC21CAE0C1C00EAAF3A /* Sources */ = {
			isa = PBXSourcesBuildPhase;
			buildActionMask = 2147483647;
			files = (
				05877E181CC6198A002278FB /* MXModelExample.m in Sources */,
				05877E1A1CC6198A002278FB /* MXTextExample.m in Sources */,
				05EC1ECE1CAE0C1C00EAAF3A /* AppDelegate.m in Sources */,
				05877E191CC6198A002278FB /* MXRootExampleVC.m in Sources */,
				05EC1EFE1CAE0C3C00EAAF3A /* MXMainViewController.m in Sources */,
				05EC1ECB1CAE0C1C00EAAF3A /* main.m in Sources */,
				05EC1F011CAE0C4400EAAF3A /* MXSecViewController.m in Sources */,
				05DA0B861CC4A356007118E0 /* MXADViewController.m in Sources */,
				05877E171CC6198A002278FB /* MXImageExample.m in Sources */,
			);
			runOnlyForDeploymentPostprocessing = 0;
		};
		05EC1EDB1CAE0C1C00EAAF3A /* Sources */ = {
			isa = PBXSourcesBuildPhase;
			buildActionMask = 2147483647;
			files = (
				05EC1EE41CAE0C1C00EAAF3A /* SimpleBlockTests.m in Sources */,
			);
			runOnlyForDeploymentPostprocessing = 0;
		};
		05EC1EE61CAE0C1C00EAAF3A /* Sources */ = {
			isa = PBXSourcesBuildPhase;
			buildActionMask = 2147483647;
			files = (
				05EC1EEF1CAE0C1C00EAAF3A /* SimpleBlockUITests.m in Sources */,
			);
			runOnlyForDeploymentPostprocessing = 0;
		};
/* End PBXSourcesBuildPhase section */

/* Begin PBXTargetDependency section */
		05EC1EE11CAE0C1C00EAAF3A /* PBXTargetDependency */ = {
			isa = PBXTargetDependency;
			target = 05EC1EC51CAE0C1C00EAAF3A /* SimpleBlock */;
			targetProxy = 05EC1EE01CAE0C1C00EAAF3A /* PBXContainerItemProxy */;
		};
		05EC1EEC1CAE0C1C00EAAF3A /* PBXTargetDependency */ = {
			isa = PBXTargetDependency;
			target = 05EC1EC51CAE0C1C00EAAF3A /* SimpleBlock */;
			targetProxy = 05EC1EEB1CAE0C1C00EAAF3A /* PBXContainerItemProxy */;
		};
/* End PBXTargetDependency section */

/* Begin PBXVariantGroup section */
		05EC1ED21CAE0C1C00EAAF3A /* Main.storyboard */ = {
			isa = PBXVariantGroup;
			children = (
				05EC1ED31CAE0C1C00EAAF3A /* Base */,
			);
			name = Main.storyboard;
			sourceTree = "<group>";
		};
		05EC1ED71CAE0C1C00EAAF3A /* LaunchScreen.storyboard */ = {
			isa = PBXVariantGroup;
			children = (
				05EC1ED81CAE0C1C00EAAF3A /* Base */,
			);
			name = LaunchScreen.storyboard;
			sourceTree = "<group>";
		};
/* End PBXVariantGroup section */

/* Begin XCBuildConfiguration section */
		05EC1EF11CAE0C1C00EAAF3A /* Debug */ = {
			isa = XCBuildConfiguration;
			buildSettings = {
				ALWAYS_SEARCH_USER_PATHS = NO;
				CLANG_CXX_LANGUAGE_STANDARD = "gnu++0x";
				CLANG_CXX_LIBRARY = "libc++";
				CLANG_ENABLE_MODULES = YES;
				CLANG_ENABLE_OBJC_ARC = YES;
				CLANG_WARN_BOOL_CONVERSION = YES;
				CLANG_WARN_CONSTANT_CONVERSION = YES;
				CLANG_WARN_DIRECT_OBJC_ISA_USAGE = YES_ERROR;
				CLANG_WARN_EMPTY_BODY = YES;
				CLANG_WARN_ENUM_CONVERSION = YES;
				CLANG_WARN_INT_CONVERSION = YES;
				CLANG_WARN_OBJC_ROOT_CLASS = YES_ERROR;
				CLANG_WARN_UNREACHABLE_CODE = YES;
				CLANG_WARN__DUPLICATE_METHOD_MATCH = YES;
				"CODE_SIGN_IDENTITY[sdk=iphoneos*]" = "iPhone Developer";
				COPY_PHASE_STRIP = NO;
				DEBUG_INFORMATION_FORMAT = dwarf;
				ENABLE_STRICT_OBJC_MSGSEND = YES;
				ENABLE_TESTABILITY = YES;
				GCC_C_LANGUAGE_STANDARD = gnu99;
				GCC_DYNAMIC_NO_PIC = NO;
				GCC_NO_COMMON_BLOCKS = YES;
				GCC_OPTIMIZATION_LEVEL = 0;
				GCC_PREPROCESSOR_DEFINITIONS = (
					"DEBUG=1",
					"$(inherited)",
				);
				GCC_WARN_64_TO_32_BIT_CONVERSION = YES;
				GCC_WARN_ABOUT_RETURN_TYPE = YES_ERROR;
				GCC_WARN_UNDECLARED_SELECTOR = YES;
				GCC_WARN_UNINITIALIZED_AUTOS = YES_AGGRESSIVE;
				GCC_WARN_UNUSED_FUNCTION = YES;
				GCC_WARN_UNUSED_VARIABLE = YES;
				IPHONEOS_DEPLOYMENT_TARGET = 9.2;
				MTL_ENABLE_DEBUG_INFO = YES;
				ONLY_ACTIVE_ARCH = YES;
				SDKROOT = iphoneos;
				TARGETED_DEVICE_FAMILY = "1,2";
			};
			name = Debug;
		};
		05EC1EF21CAE0C1C00EAAF3A /* Release */ = {
			isa = XCBuildConfiguration;
			buildSettings = {
				ALWAYS_SEARCH_USER_PATHS = NO;
				CLANG_CXX_LANGUAGE_STANDARD = "gnu++0x";
				CLANG_CXX_LIBRARY = "libc++";
				CLANG_ENABLE_MODULES = YES;
				CLANG_ENABLE_OBJC_ARC = YES;
				CLANG_WARN_BOOL_CONVERSION = YES;
				CLANG_WARN_CONSTANT_CONVERSION = YES;
				CLANG_WARN_DIRECT_OBJC_ISA_USAGE = YES_ERROR;
				CLANG_WARN_EMPTY_BODY = YES;
				CLANG_WARN_ENUM_CONVERSION = YES;
				CLANG_WARN_INT_CONVERSION = YES;
				CLANG_WARN_OBJC_ROOT_CLASS = YES_ERROR;
				CLANG_WARN_UNREACHABLE_CODE = YES;
				CLANG_WARN__DUPLICATE_METHOD_MATCH = YES;
				"CODE_SIGN_IDENTITY[sdk=iphoneos*]" = "iPhone Developer";
				COPY_PHASE_STRIP = NO;
				DEBUG_INFORMATION_FORMAT = "dwarf-with-dsym";
				ENABLE_NS_ASSERTIONS = NO;
				ENABLE_STRICT_OBJC_MSGSEND = YES;
				GCC_C_LANGUAGE_STANDARD = gnu99;
				GCC_NO_COMMON_BLOCKS = YES;
				GCC_WARN_64_TO_32_BIT_CONVERSION = YES;
				GCC_WARN_ABOUT_RETURN_TYPE = YES_ERROR;
				GCC_WARN_UNDECLARED_SELECTOR = YES;
				GCC_WARN_UNINITIALIZED_AUTOS = YES_AGGRESSIVE;
				GCC_WARN_UNUSED_FUNCTION = YES;
				GCC_WARN_UNUSED_VARIABLE = YES;
				IPHONEOS_DEPLOYMENT_TARGET = 9.2;
				MTL_ENABLE_DEBUG_INFO = NO;
				SDKROOT = iphoneos;
				TARGETED_DEVICE_FAMILY = "1,2";
				VALIDATE_PRODUCT = YES;
			};
			name = Release;
		};
		05EC1EF41CAE0C1C00EAAF3A /* Debug */ = {
			isa = XCBuildConfiguration;
			baseConfigurationReference = 35B81E93511A6DEA53AFDE2C /* Pods.debug.xcconfig */;
			buildSettings = {
				ASSETCATALOG_COMPILER_APPICON_NAME = AppIcon;
				INFOPLIST_FILE = SimpleBlock/Info.plist;
				LD_RUNPATH_SEARCH_PATHS = "$(inherited) @executable_path/Frameworks";
				PRODUCT_BUNDLE_IDENTIFIER = com.swift.phot.SimpleBlock;
				PRODUCT_NAME = "$(TARGET_NAME)";
			};
			name = Debug;
		};
		05EC1EF51CAE0C1C00EAAF3A /* Release */ = {
			isa = XCBuildConfiguration;
			baseConfigurationReference = EA4AA8F4A275F30E84278935 /* Pods.release.xcconfig */;
			buildSettings = {
				ASSETCATALOG_COMPILER_APPICON_NAME = AppIcon;
				INFOPLIST_FILE = SimpleBlock/Info.plist;
				LD_RUNPATH_SEARCH_PATHS = "$(inherited) @executable_path/Frameworks";
				PRODUCT_BUNDLE_IDENTIFIER = com.swift.phot.SimpleBlock;
				PRODUCT_NAME = "$(TARGET_NAME)";
			};
			name = Release;
		};
		05EC1EF71CAE0C1C00EAAF3A /* Debug */ = {
			isa = XCBuildConfiguration;
			buildSettings = {
				BUNDLE_LOADER = "$(TEST_HOST)";
				INFOPLIST_FILE = SimpleBlockTests/Info.plist;
				LD_RUNPATH_SEARCH_PATHS = "$(inherited) @executable_path/Frameworks @loader_path/Frameworks";
				PRODUCT_BUNDLE_IDENTIFIER = com.swift.phot.SimpleBlockTests;
				PRODUCT_NAME = "$(TARGET_NAME)";
				TEST_HOST = "$(BUILT_PRODUCTS_DIR)/SimpleBlock.app/SimpleBlock";
			};
			name = Debug;
		};
		05EC1EF81CAE0C1C00EAAF3A /* Release */ = {
			isa = XCBuildConfiguration;
			buildSettings = {
				BUNDLE_LOADER = "$(TEST_HOST)";
				INFOPLIST_FILE = SimpleBlockTests/Info.plist;
				LD_RUNPATH_SEARCH_PATHS = "$(inherited) @executable_path/Frameworks @loader_path/Frameworks";
				PRODUCT_BUNDLE_IDENTIFIER = com.swift.phot.SimpleBlockTests;
				PRODUCT_NAME = "$(TARGET_NAME)";
				TEST_HOST = "$(BUILT_PRODUCTS_DIR)/SimpleBlock.app/SimpleBlock";
			};
			name = Release;
		};
		05EC1EFA1CAE0C1C00EAAF3A /* Debug */ = {
			isa = XCBuildConfiguration;
			buildSettings = {
				INFOPLIST_FILE = SimpleBlockUITests/Info.plist;
				LD_RUNPATH_SEARCH_PATHS = "$(inherited) @executable_path/Frameworks @loader_path/Frameworks";
				PRODUCT_BUNDLE_IDENTIFIER = com.swift.phot.SimpleBlockUITests;
				PRODUCT_NAME = "$(TARGET_NAME)";
				TEST_TARGET_NAME = SimpleBlock;
				USES_XCTRUNNER = YES;
			};
			name = Debug;
		};
		05EC1EFB1CAE0C1C00EAAF3A /* Release */ = {
			isa = XCBuildConfiguration;
			buildSettings = {
				INFOPLIST_FILE = SimpleBlockUITests/Info.plist;
				LD_RUNPATH_SEARCH_PATHS = "$(inherited) @executable_path/Frameworks @loader_path/Frameworks";
				PRODUCT_BUNDLE_IDENTIFIER = com.swift.phot.SimpleBlockUITests;
				PRODUCT_NAME = "$(TARGET_NAME)";
				TEST_TARGET_NAME = SimpleBlock;
				USES_XCTRUNNER = YES;
			};
			name = Release;
		};
/* End XCBuildConfiguration section */

/* Begin XCConfigurationList section */
		05EC1EC11CAE0C1C00EAAF3A /* Build configuration list for PBXProject "SimpleBlock" */ = {
			isa = XCConfigurationList;
			buildConfigurations = (
				05EC1EF11CAE0C1C00EAAF3A /* Debug */,
				05EC1EF21CAE0C1C00EAAF3A /* Release */,
			);
			defaultConfigurationIsVisible = 0;
			defaultConfigurationName = Release;
		};
		05EC1EF31CAE0C1C00EAAF3A /* Build configuration list for PBXNativeTarget "SimpleBlock" */ = {
			isa = XCConfigurationList;
			buildConfigurations = (
				05EC1EF41CAE0C1C00EAAF3A /* Debug */,
				05EC1EF51CAE0C1C00EAAF3A /* Release */,
			);
			defaultConfigurationIsVisible = 0;
			defaultConfigurationName = Release;
		};
		05EC1EF61CAE0C1C00EAAF3A /* Build configuration list for PBXNativeTarget "SimpleBlockTests" */ = {
			isa = XCConfigurationList;
			buildConfigurations = (
				05EC1EF71CAE0C1C00EAAF3A /* Debug */,
				05EC1EF81CAE0C1C00EAAF3A /* Release */,
			);
			defaultConfigurationIsVisible = 0;
			defaultConfigurationName = Release;
		};
		05EC1EF91CAE0C1C00EAAF3A /* Build configuration list for PBXNativeTarget "SimpleBlockUITests" */ = {
			isa = XCConfigurationList;
			buildConfigurations = (
				05EC1EFA1CAE0C1C00EAAF3A /* Debug */,
				05EC1EFB1CAE0C1C00EAAF3A /* Release */,
			);
			defaultConfigurationIsVisible = 0;
			defaultConfigurationName = Release;
		};
/* End XCConfigurationList section */
	};
	rootObject = 05EC1EBE1CAE0C1C00EAAF3A /* Project object */;
}
